
Microsoft Visual Studio Solution File, Format Version 12.00
# Visual Studio 2013
VisualStudioVersion = 12.0.21005.1
MinimumVisualStudioVersion = 10.0.40219.1
Project("{8BC9CEB8-8B4A-11D0-8D11-00A0C91BC942}") = "tests", "tests\tests.vcxproj", "{D8679758-13C6-4110-ACF8-344ABEF4093E}"
	ProjectSection(ProjectDependencies) = postProject
		{764B6B15-F81C-43B2-B9BC-A3A82C5FE526} = {764B6B15-F81C-43B2-B9BC-A3A82C5FE526}
	EndProjectSection
EndProject
Project("{8BC9CEB8-8B4A-11D0-8D11-00A0C91BC942}") = "core", "src\core\core.vcxproj", "{764B6B15-F81C-43B2-B9BC-A3A82C5FE526}"
EndProject
Project("{8BC9CEB8-8B4A-11D0-8D11-00A0C91BC942}") = "server", "src\server\server\server.vcxproj", "{F55A4D88-0EE9-466D-B9BB-B51614C294FA}"
	ProjectSection(ProjectDependencies) = postProject
		{764B6B15-F81C-43B2-B9BC-A3A82C5FE526} = {764B6B15-F81C-43B2-B9BC-A3A82C5FE526}
	EndProjectSection
EndProject
Global
	GlobalSection(SolutionConfigurationPlatforms) = preSolution
		Debug|Win32 = Debug|Win32
		Release|Win32 = Release|Win32
	EndGlobalSection
	GlobalSection(ProjectConfigurationPlatforms) = postSolution
		{D8679758-13C6-4110-ACF8-344ABEF4093E}.Debug|Win32.ActiveCfg = Debug|Win32
		{D8679758-13C6-4110-ACF8-344ABEF4093E}.Debug|Win32.Build.0 = Debug|Win32
		{D8679758-13C6-4110-ACF8-344ABEF4093E}.Release|Win32.ActiveCfg = Release|Win32
		{D8679758-13C6-4110-ACF8-344ABEF4093E}.Release|Win32.Build.0 = Release|Win32
		{764B6B15-F81C-43B2-B9BC-A3A82C5FE526}.Debug|Win32.ActiveCfg = Debug|Win32
		{764B6B15-F81C-43B2-B9BC-A3A82C5FE526}.Debug|Win32.Build.0 = Debug|Win32
		{764B6B15-F81C-43B2-B9BC-A3A82C5FE526}.Release|Win32.ActiveCfg = Release|Win32
		{764B6B15-F81C-43B2-B9BC-A3A82C5FE526}.Release|Win32.Build.0 = Release|Win32
		{F55A4D88-0EE9-466D-B9BB-B51614C294FA}.Debug|Win32.ActiveCfg = Debug|Win32
		{F55A4D88-0EE9-466D-B9BB-B51614C294FA}.Debug|Win32.Build.0 = Debug|Win32
		{F55A4D88-0EE9-466D-B9BB-B51614C294FA}.Release|Win32.ActiveCfg = Release|Win32
		{F55A4D88-0EE9-466D-B9BB-B51614C294FA}.Release|Win32.Build.0 = Release|Win32
	EndGlobalSection
	GlobalSection(SolutionProperties) = preSolution
		HideSolutionNode = FALSE
	EndGlobalSection
EndGlobal
